
Microsoft Visual Studio Solution File, Format Version 12.00
# Visual Studio Version 16
VisualStudioVersion = 16.0.30204.135
MinimumVisualStudioVersion = 10.0.40219.1
Project("{FAE04EC0-301F-11D3-BF4B-00C04F79EFBC}") = "Day1", "Day1\Day1.csproj", "{7AD550EB-1936-4010-8E68-3AE349D8A7C1}"
EndProject
Global
	GlobalSection(SolutionConfigurationPlatforms) = preSolution
		Debug|Any CPU = Debug|Any CPU
		Release|Any CPU = Release|Any CPU
	EndGlobalSection
	GlobalSection(ProjectConfigurationPlatforms) = postSolution
		{7AD550EB-1936-4010-8E68-3AE349D8A7C1}.Debug|Any CPU.ActiveCfg = Debug|Any CPU
		{7AD550EB-1936-4010-8E68-3AE349D8A7C1}.Debug|Any CPU.Build.0 = Debug|Any CPU
		{7AD550EB-1936-4010-8E68-3AE349D8A7C1}.Release|Any CPU.ActiveCfg = Release|Any CPU
		{7AD550EB-1936-4010-8E68-3AE349D8A7C1}.Release|Any CPU.Build.0 = Release|Any CPU
	EndGlobalSection
	GlobalSection(SolutionProperties) = preSolution
		HideSolutionNode = FALSE
	EndGlobalSection
	GlobalSection(ExtensibilityGlobals) = postSolution
		SolutionGuid = {16C298BB-0E03-4870-9613-0009094C5239}
	EndGlobalSection
EndGlobal
