
Microsoft Visual Studio Solution File, Format Version 12.00
# Visual Studio Version 16
VisualStudioVersion = 16.0.30204.135
MinimumVisualStudioVersion = 10.0.40219.1
Project("{FAE04EC0-301F-11D3-BF4B-00C04F79EFBC}") = "Task3", "Task3.csproj", "{DEC95070-9852-426E-90A9-99667D16A34D}"
EndProject
Global
	GlobalSection(SolutionConfigurationPlatforms) = preSolution
		Debug|Any CPU = Debug|Any CPU
		Release|Any CPU = Release|Any CPU
	EndGlobalSection
	GlobalSection(ProjectConfigurationPlatforms) = postSolution
		{DEC95070-9852-426E-90A9-99667D16A34D}.Debug|Any CPU.ActiveCfg = Debug|Any CPU
		{DEC95070-9852-426E-90A9-99667D16A34D}.Debug|Any CPU.Build.0 = Debug|Any CPU
		{DEC95070-9852-426E-90A9-99667D16A34D}.Release|Any CPU.ActiveCfg = Release|Any CPU
		{DEC95070-9852-426E-90A9-99667D16A34D}.Release|Any CPU.Build.0 = Release|Any CPU
	EndGlobalSection
	GlobalSection(SolutionProperties) = preSolution
		HideSolutionNode = FALSE
	EndGlobalSection
	GlobalSection(ExtensibilityGlobals) = postSolution
		SolutionGuid = {7E20262B-A9CE-474B-BEDE-DA09CD49E3F1}
	EndGlobalSection
EndGlobal
