
Microsoft Visual Studio Solution File, Format Version 12.00
# Visual Studio Version 16
VisualStudioVersion = 16.0.30204.135
MinimumVisualStudioVersion = 10.0.40219.1
Project("{FAE04EC0-301F-11D3-BF4B-00C04F79EFBC}") = "Day4", "Day4.csproj", "{B17A95B6-C282-414C-9F5F-CF84666B85E2}"
EndProject
Global
	GlobalSection(SolutionConfigurationPlatforms) = preSolution
		Debug|Any CPU = Debug|Any CPU
		Release|Any CPU = Release|Any CPU
	EndGlobalSection
	GlobalSection(ProjectConfigurationPlatforms) = postSolution
		{B17A95B6-C282-414C-9F5F-CF84666B85E2}.Debug|Any CPU.ActiveCfg = Debug|Any CPU
		{B17A95B6-C282-414C-9F5F-CF84666B85E2}.Debug|Any CPU.Build.0 = Debug|Any CPU
		{B17A95B6-C282-414C-9F5F-CF84666B85E2}.Release|Any CPU.ActiveCfg = Release|Any CPU
		{B17A95B6-C282-414C-9F5F-CF84666B85E2}.Release|Any CPU.Build.0 = Release|Any CPU
	EndGlobalSection
	GlobalSection(SolutionProperties) = preSolution
		HideSolutionNode = FALSE
	EndGlobalSection
	GlobalSection(ExtensibilityGlobals) = postSolution
		SolutionGuid = {7EA189BF-F168-4A56-BA69-34CE8829F6BD}
	EndGlobalSection
EndGlobal
