
Microsoft Visual Studio Solution File, Format Version 12.00
# Visual Studio Version 16
VisualStudioVersion = 16.0.30204.135
MinimumVisualStudioVersion = 10.0.40219.1
Project("{FAE04EC0-301F-11D3-BF4B-00C04F79EFBC}") = "Task2", "Task2.csproj", "{2C1BF424-6BDF-4B4D-A2A9-226AF0FAF59E}"
EndProject
Global
	GlobalSection(SolutionConfigurationPlatforms) = preSolution
		Debug|Any CPU = Debug|Any CPU
		Release|Any CPU = Release|Any CPU
	EndGlobalSection
	GlobalSection(ProjectConfigurationPlatforms) = postSolution
		{2C1BF424-6BDF-4B4D-A2A9-226AF0FAF59E}.Debug|Any CPU.ActiveCfg = Debug|Any CPU
		{2C1BF424-6BDF-4B4D-A2A9-226AF0FAF59E}.Debug|Any CPU.Build.0 = Debug|Any CPU
		{2C1BF424-6BDF-4B4D-A2A9-226AF0FAF59E}.Release|Any CPU.ActiveCfg = Release|Any CPU
		{2C1BF424-6BDF-4B4D-A2A9-226AF0FAF59E}.Release|Any CPU.Build.0 = Release|Any CPU
	EndGlobalSection
	GlobalSection(SolutionProperties) = preSolution
		HideSolutionNode = FALSE
	EndGlobalSection
	GlobalSection(ExtensibilityGlobals) = postSolution
		SolutionGuid = {6FFB81C8-9E23-4CE9-9781-159527D07B99}
	EndGlobalSection
EndGlobal
